// !$*UTF8*$!
{
	archiveVersion = 1;
	classes = {
	};
	objectVersion = 55;
	objects = {

/* Begin PBXBuildFile section */
		4607E58827B3839B00F99EA5 /* PKTweetCell.swift in Sources */ = {isa = PBXBuildFile; fileRef = 4607E58727B3839B00F99EA5 /* PKTweetCell.swift */; };
		4607E58B27B383C200F99EA5 /* PKUserCell.swift in Sources */ = {isa = PBXBuildFile; fileRef = 4607E58927B383C200F99EA5 /* PKUserCell.swift */; };
		4607E58C27B383C200F99EA5 /* PKSearchBar.swift in Sources */ = {isa = PBXBuildFile; fileRef = 4607E58A27B383C200F99EA5 /* PKSearchBar.swift */; };
		4607E59227B3845400F99EA5 /* PKChatBubbleShape.swift in Sources */ = {isa = PBXBuildFile; fileRef = 4607E58D27B3845400F99EA5 /* PKChatBubbleShape.swift */; };
		4607E59327B3845400F99EA5 /* PKChatView.swift in Sources */ = {isa = PBXBuildFile; fileRef = 4607E58E27B3845400F99EA5 /* PKChatView.swift */; };
		4607E59427B3845400F99EA5 /* PKMessageInputView.swift in Sources */ = {isa = PBXBuildFile; fileRef = 4607E58F27B3845400F99EA5 /* PKMessageInputView.swift */; };
		4607E59527B3845400F99EA5 /* PKMessageListView.swift in Sources */ = {isa = PBXBuildFile; fileRef = 4607E59027B3845400F99EA5 /* PKMessageListView.swift */; };
		4607E59627B3845400F99EA5 /* PKMessageCell.swift in Sources */ = {isa = PBXBuildFile; fileRef = 4607E59127B3845400F99EA5 /* PKMessageCell.swift */; };
		4607E5A027B384B100F99EA5 /* PKMessage.swift in Sources */ = {isa = PBXBuildFile; fileRef = 4607E59C27B384B100F99EA5 /* PKMessage.swift */; };
		4607E5A127B384B100F99EA5 /* PKFloatingButton.swift in Sources */ = {isa = PBXBuildFile; fileRef = 4607E59F27B384B100F99EA5 /* PKFloatingButton.swift */; };
		4607E5A427B3B52F00F99EA5 /* PKUserProfileView.swift in Sources */ = {isa = PBXBuildFile; fileRef = 4607E5A327B3B52F00F99EA5 /* PKUserProfileView.swift */; };
		4607E5A627B3B6C200F99EA5 /* PKProfileHeaderView.swift in Sources */ = {isa = PBXBuildFile; fileRef = 4607E5A527B3B6C200F99EA5 /* PKProfileHeaderView.swift */; };
		4607E5A827B3B6D000F99EA5 /* PKProfileActionButtonView.swift in Sources */ = {isa = PBXBuildFile; fileRef = 4607E5A727B3B6D000F99EA5 /* PKProfileActionButtonView.swift */; };
		4607E5AA27B3B6E100F99EA5 /* PKFIlterButtonView.swift in Sources */ = {isa = PBXBuildFile; fileRef = 4607E5A927B3B6E100F99EA5 /* PKFIlterButtonView.swift */; };
		46216EA327A7DD75001A7129 /* TwitterCloneApp.swift in Sources */ = {isa = PBXBuildFile; fileRef = 46216EA227A7DD75001A7129 /* TwitterCloneApp.swift */; };
		46216EA527A7DD75001A7129 /* ContentView.swift in Sources */ = {isa = PBXBuildFile; fileRef = 46216EA427A7DD75001A7129 /* ContentView.swift */; };
		46216EA727A7DD76001A7129 /* Assets.xcassets in Resources */ = {isa = PBXBuildFile; fileRef = 46216EA627A7DD76001A7129 /* Assets.xcassets */; };
		46216EAA27A7DD76001A7129 /* Preview Assets.xcassets in Resources */ = {isa = PBXBuildFile; fileRef = 46216EA927A7DD76001A7129 /* Preview Assets.xcassets */; };
		46216EB427A7DD76001A7129 /* TwitterCloneTests.swift in Sources */ = {isa = PBXBuildFile; fileRef = 46216EB327A7DD76001A7129 /* TwitterCloneTests.swift */; };
		46216EBE27A7DD76001A7129 /* TwitterCloneUITests.swift in Sources */ = {isa = PBXBuildFile; fileRef = 46216EBD27A7DD76001A7129 /* TwitterCloneUITests.swift */; };
		46216EC027A7DD76001A7129 /* TwitterCloneUITestsLaunchTests.swift in Sources */ = {isa = PBXBuildFile; fileRef = 46216EBF27A7DD76001A7129 /* TwitterCloneUITestsLaunchTests.swift */; };
		465F04BA27AA4A36000F043F /* PKHomeView.swift in Sources */ = {isa = PBXBuildFile; fileRef = 465F04B927AA4A36000F043F /* PKHomeView.swift */; };
		465F04BC27AA52B8000F043F /* PKSearchView.swift in Sources */ = {isa = PBXBuildFile; fileRef = 465F04BB27AA52B8000F043F /* PKSearchView.swift */; };
		46C3A89427AE545200A43D15 /* PKMessageViewBubble.swift in Sources */ = {isa = PBXBuildFile; fileRef = 46C3A89327AE545200A43D15 /* PKMessageViewBubble.swift */; };
		46C3A89627AE557400A43D15 /* PKNewMessageView.swift in Sources */ = {isa = PBXBuildFile; fileRef = 46C3A89527AE557400A43D15 /* PKNewMessageView.swift */; };
/* End PBXBuildFile section */

/* Begin PBXContainerItemProxy section */
		46216EB027A7DD76001A7129 /* PBXContainerItemProxy */ = {
			isa = PBXContainerItemProxy;
			containerPortal = 46216E9727A7DD75001A7129 /* Project object */;
			proxyType = 1;
			remoteGlobalIDString = 46216E9E27A7DD75001A7129;
			remoteInfo = TwitterClone;
		};
		46216EBA27A7DD76001A7129 /* PBXContainerItemProxy */ = {
			isa = PBXContainerItemProxy;
			containerPortal = 46216E9727A7DD75001A7129 /* Project object */;
			proxyType = 1;
			remoteGlobalIDString = 46216E9E27A7DD75001A7129;
			remoteInfo = TwitterClone;
		};
/* End PBXContainerItemProxy section */

/* Begin PBXFileReference section */
		4607E58727B3839B00F99EA5 /* PKTweetCell.swift */ = {isa = PBXFileReference; fileEncoding = 4; lastKnownFileType = sourcecode.swift; name = PKTweetCell.swift; path = twitterclone/View/Home/PKTweetCell.swift; sourceTree = SOURCE_ROOT; };
		4607E58927B383C200F99EA5 /* PKUserCell.swift */ = {isa = PBXFileReference; fileEncoding = 4; lastKnownFileType = sourcecode.swift; name = PKUserCell.swift; path = twitterclone/View/Search/PKUserCell.swift; sourceTree = SOURCE_ROOT; };
		4607E58A27B383C200F99EA5 /* PKSearchBar.swift */ = {isa = PBXFileReference; fileEncoding = 4; lastKnownFileType = sourcecode.swift; name = PKSearchBar.swift; path = twitterclone/View/Search/PKSearchBar.swift; sourceTree = SOURCE_ROOT; };
		4607E58D27B3845400F99EA5 /* PKChatBubbleShape.swift */ = {isa = PBXFileReference; fileEncoding = 4; lastKnownFileType = sourcecode.swift; name = PKChatBubbleShape.swift; path = twitterclone/View/Message/PKChatBubbleShape.swift; sourceTree = SOURCE_ROOT; };
		4607E58E27B3845400F99EA5 /* PKChatView.swift */ = {isa = PBXFileReference; fileEncoding = 4; lastKnownFileType = sourcecode.swift; name = PKChatView.swift; path = twitterclone/View/Message/PKChatView.swift; sourceTree = SOURCE_ROOT; };
		4607E58F27B3845400F99EA5 /* PKMessageInputView.swift */ = {isa = PBXFileReference; fileEncoding = 4; lastKnownFileType = sourcecode.swift; name = PKMessageInputView.swift; path = twitterclone/View/Message/PKMessageInputView.swift; sourceTree = SOURCE_ROOT; };
		4607E59027B3845400F99EA5 /* PKMessageListView.swift */ = {isa = PBXFileReference; fileEncoding = 4; lastKnownFileType = sourcecode.swift; name = PKMessageListView.swift; path = twitterclone/View/Message/PKMessageListView.swift; sourceTree = SOURCE_ROOT; };
		4607E59127B3845400F99EA5 /* PKMessageCell.swift */ = {isa = PBXFileReference; fileEncoding = 4; lastKnownFileType = sourcecode.swift; name = PKMessageCell.swift; path = twitterclone/View/Message/PKMessageCell.swift; sourceTree = SOURCE_ROOT; };
		4607E59C27B384B100F99EA5 /* PKMessage.swift */ = {isa = PBXFileReference; fileEncoding = 4; lastKnownFileType = sourcecode.swift; path = PKMessage.swift; sourceTree = "<group>"; };
		4607E59F27B384B100F99EA5 /* PKFloatingButton.swift */ = {isa = PBXFileReference; fileEncoding = 4; lastKnownFileType = sourcecode.swift; path = PKFloatingButton.swift; sourceTree = "<group>"; };
		4607E5A327B3B52F00F99EA5 /* PKUserProfileView.swift */ = {isa = PBXFileReference; lastKnownFileType = sourcecode.swift; name = PKUserProfileView.swift; path = twitterclone/View/Profile/PKUserProfileView.swift; sourceTree = SOURCE_ROOT; };
		4607E5A527B3B6C200F99EA5 /* PKProfileHeaderView.swift */ = {isa = PBXFileReference; lastKnownFileType = sourcecode.swift; name = PKProfileHeaderView.swift; path = twitterclone/View/Profile/PKProfileHeaderView.swift; sourceTree = SOURCE_ROOT; };
		4607E5A727B3B6D000F99EA5 /* PKProfileActionButtonView.swift */ = {isa = PBXFileReference; lastKnownFileType = sourcecode.swift; name = PKProfileActionButtonView.swift; path = twitterclone/View/Profile/PKProfileActionButtonView.swift; sourceTree = SOURCE_ROOT; };
		4607E5A927B3B6E100F99EA5 /* PKFIlterButtonView.swift */ = {isa = PBXFileReference; lastKnownFileType = sourcecode.swift; name = PKFIlterButtonView.swift; path = twitterclone/View/Profile/PKFIlterButtonView.swift; sourceTree = SOURCE_ROOT; };
		46216E9F27A7DD75001A7129 /* TwitterClone.app */ = {isa = PBXFileReference; explicitFileType = wrapper.application; includeInIndex = 0; path = TwitterClone.app; sourceTree = BUILT_PRODUCTS_DIR; };
		46216EA227A7DD75001A7129 /* TwitterCloneApp.swift */ = {isa = PBXFileReference; lastKnownFileType = sourcecode.swift; path = TwitterCloneApp.swift; sourceTree = "<group>"; };
		46216EA427A7DD75001A7129 /* ContentView.swift */ = {isa = PBXFileReference; lastKnownFileType = sourcecode.swift; path = ContentView.swift; sourceTree = "<group>"; };
		46216EA627A7DD76001A7129 /* Assets.xcassets */ = {isa = PBXFileReference; lastKnownFileType = folder.assetcatalog; path = Assets.xcassets; sourceTree = "<group>"; };
		46216EA927A7DD76001A7129 /* Preview Assets.xcassets */ = {isa = PBXFileReference; lastKnownFileType = folder.assetcatalog; path = "Preview Assets.xcassets"; sourceTree = "<group>"; };
		46216EAF27A7DD76001A7129 /* TwitterCloneTests.xctest */ = {isa = PBXFileReference; explicitFileType = wrapper.cfbundle; includeInIndex = 0; path = TwitterCloneTests.xctest; sourceTree = BUILT_PRODUCTS_DIR; };
		46216EB327A7DD76001A7129 /* TwitterCloneTests.swift */ = {isa = PBXFileReference; lastKnownFileType = sourcecode.swift; path = TwitterCloneTests.swift; sourceTree = "<group>"; };
		46216EB927A7DD76001A7129 /* TwitterCloneUITests.xctest */ = {isa = PBXFileReference; explicitFileType = wrapper.cfbundle; includeInIndex = 0; path = TwitterCloneUITests.xctest; sourceTree = BUILT_PRODUCTS_DIR; };
		46216EBD27A7DD76001A7129 /* TwitterCloneUITests.swift */ = {isa = PBXFileReference; lastKnownFileType = sourcecode.swift; path = TwitterCloneUITests.swift; sourceTree = "<group>"; };
		46216EBF27A7DD76001A7129 /* TwitterCloneUITestsLaunchTests.swift */ = {isa = PBXFileReference; lastKnownFileType = sourcecode.swift; path = TwitterCloneUITestsLaunchTests.swift; sourceTree = "<group>"; };
		465F04B927AA4A36000F043F /* PKHomeView.swift */ = {isa = PBXFileReference; lastKnownFileType = sourcecode.swift; path = PKHomeView.swift; sourceTree = "<group>"; };
		465F04BB27AA52B8000F043F /* PKSearchView.swift */ = {isa = PBXFileReference; lastKnownFileType = sourcecode.swift; path = PKSearchView.swift; sourceTree = "<group>"; };
		46C3A89327AE545200A43D15 /* PKMessageViewBubble.swift */ = {isa = PBXFileReference; lastKnownFileType = sourcecode.swift; path = PKMessageViewBubble.swift; sourceTree = "<group>"; };
		46C3A89527AE557400A43D15 /* PKNewMessageView.swift */ = {isa = PBXFileReference; lastKnownFileType = sourcecode.swift; path = PKNewMessageView.swift; sourceTree = "<group>"; };
/* End PBXFileReference section */

/* Begin PBXFrameworksBuildPhase section */
		46216E9C27A7DD75001A7129 /* Frameworks */ = {
			isa = PBXFrameworksBuildPhase;
			buildActionMask = 2147483647;
			files = (
			);
			runOnlyForDeploymentPostprocessing = 0;
		};
		46216EAC27A7DD76001A7129 /* Frameworks */ = {
			isa = PBXFrameworksBuildPhase;
			buildActionMask = 2147483647;
			files = (
			);
			runOnlyForDeploymentPostprocessing = 0;
		};
		46216EB627A7DD76001A7129 /* Frameworks */ = {
			isa = PBXFrameworksBuildPhase;
			buildActionMask = 2147483647;
			files = (
			);
			runOnlyForDeploymentPostprocessing = 0;
		};
/* End PBXFrameworksBuildPhase section */

/* Begin PBXGroup section */
		4607E59B27B384B100F99EA5 /* Model */ = {
			isa = PBXGroup;
			children = (
				4607E59C27B384B100F99EA5 /* PKMessage.swift */,
			);
			name = Model;
			path = twitterclone/Model;
			sourceTree = SOURCE_ROOT;
		};
		4607E59D27B384B100F99EA5 /* Common */ = {
			isa = PBXGroup;
			children = (
				4607E59E27B384B100F99EA5 /* Views */,
			);
			name = Common;
			path = twitterclone/Common;
			sourceTree = SOURCE_ROOT;
		};
		4607E59E27B384B100F99EA5 /* Views */ = {
			isa = PBXGroup;
			children = (
				4607E59F27B384B100F99EA5 /* PKFloatingButton.swift */,
			);
			path = Views;
			sourceTree = "<group>";
		};
		4607E5A227B3B51600F99EA5 /* Profile */ = {
			isa = PBXGroup;
			children = (
				4607E5A327B3B52F00F99EA5 /* PKUserProfileView.swift */,
				4607E5A527B3B6C200F99EA5 /* PKProfileHeaderView.swift */,
				4607E5A727B3B6D000F99EA5 /* PKProfileActionButtonView.swift */,
				4607E5A927B3B6E100F99EA5 /* PKFIlterButtonView.swift */,
			);
			path = Profile;
			sourceTree = "<group>";
		};
		46216E9627A7DD75001A7129 = {
			isa = PBXGroup;
			children = (
				46216EA127A7DD75001A7129 /* TwitterClone */,
				46216EB227A7DD76001A7129 /* TwitterCloneTests */,
				46216EBC27A7DD76001A7129 /* TwitterCloneUITests */,
				46216EA027A7DD75001A7129 /* Products */,
			);
			sourceTree = "<group>";
		};
		46216EA027A7DD75001A7129 /* Products */ = {
			isa = PBXGroup;
			children = (
				46216E9F27A7DD75001A7129 /* TwitterClone.app */,
				46216EAF27A7DD76001A7129 /* TwitterCloneTests.xctest */,
				46216EB927A7DD76001A7129 /* TwitterCloneUITests.xctest */,
			);
			name = Products;
			sourceTree = "<group>";
		};
		46216EA127A7DD75001A7129 /* TwitterClone */ = {
			isa = PBXGroup;
			children = (
				4607E59D27B384B100F99EA5 /* Common */,
				4607E59B27B384B100F99EA5 /* Model */,
				465F04BF27AA5812000F043F /* View */,
				46216EA227A7DD75001A7129 /* TwitterCloneApp.swift */,
				46216EA627A7DD76001A7129 /* Assets.xcassets */,
				46216EA827A7DD76001A7129 /* Preview Content */,
			);
			path = TwitterClone;
			sourceTree = "<group>";
		};
		46216EA827A7DD76001A7129 /* Preview Content */ = {
			isa = PBXGroup;
			children = (
				46216EA927A7DD76001A7129 /* Preview Assets.xcassets */,
			);
			path = "Preview Content";
			sourceTree = "<group>";
		};
		46216EB227A7DD76001A7129 /* TwitterCloneTests */ = {
			isa = PBXGroup;
			children = (
				46216EB327A7DD76001A7129 /* TwitterCloneTests.swift */,
			);
			path = TwitterCloneTests;
			sourceTree = "<group>";
		};
		46216EBC27A7DD76001A7129 /* TwitterCloneUITests */ = {
			isa = PBXGroup;
			children = (
				46216EBD27A7DD76001A7129 /* TwitterCloneUITests.swift */,
				46216EBF27A7DD76001A7129 /* TwitterCloneUITestsLaunchTests.swift */,
			);
			path = TwitterCloneUITests;
			sourceTree = "<group>";
		};
		465F04BF27AA5812000F043F /* View */ = {
			isa = PBXGroup;
			children = (
				4607E5A227B3B51600F99EA5 /* Profile */,
				465F04CA27AA9F02000F043F /* Message */,
				465F04C527AA9066000F043F /* Search */,
				465F04C227AA6E54000F043F /* Home */,
				46216EA427A7DD75001A7129 /* ContentView.swift */,
			);
			path = View;
			sourceTree = "<group>";
		};
		465F04C227AA6E54000F043F /* Home */ = {
			isa = PBXGroup;
			children = (
				4607E58727B3839B00F99EA5 /* PKTweetCell.swift */,
				465F04B927AA4A36000F043F /* PKHomeView.swift */,
			);
			path = Home;
			sourceTree = "<group>";
		};
		465F04C527AA9066000F043F /* Search */ = {
			isa = PBXGroup;
			children = (
				4607E58A27B383C200F99EA5 /* PKSearchBar.swift */,
				4607E58927B383C200F99EA5 /* PKUserCell.swift */,
				465F04BB27AA52B8000F043F /* PKSearchView.swift */,
			);
			path = Search;
			sourceTree = "<group>";
		};
		465F04CA27AA9F02000F043F /* Message */ = {
			isa = PBXGroup;
			children = (
				4607E58D27B3845400F99EA5 /* PKChatBubbleShape.swift */,
				4607E58E27B3845400F99EA5 /* PKChatView.swift */,
				4607E59127B3845400F99EA5 /* PKMessageCell.swift */,
				4607E58F27B3845400F99EA5 /* PKMessageInputView.swift */,
				4607E59027B3845400F99EA5 /* PKMessageListView.swift */,
				46C3A89327AE545200A43D15 /* PKMessageViewBubble.swift */,
				46C3A89527AE557400A43D15 /* PKNewMessageView.swift */,
			);
			path = Message;
			sourceTree = "<group>";
		};
/* End PBXGroup section */

/* Begin PBXNativeTarget section */
		46216E9E27A7DD75001A7129 /* TwitterClone */ = {
			isa = PBXNativeTarget;
			buildConfigurationList = 46216EC327A7DD76001A7129 /* Build configuration list for PBXNativeTarget "TwitterClone" */;
			buildPhases = (
				46216E9B27A7DD75001A7129 /* Sources */,
				46216E9C27A7DD75001A7129 /* Frameworks */,
				46216E9D27A7DD75001A7129 /* Resources */,
			);
			buildRules = (
			);
			dependencies = (
			);
			name = TwitterClone;
			productName = TwitterClone;
			productReference = 46216E9F27A7DD75001A7129 /* TwitterClone.app */;
			productType = "com.apple.product-type.application";
		};
		46216EAE27A7DD76001A7129 /* TwitterCloneTests */ = {
			isa = PBXNativeTarget;
			buildConfigurationList = 46216EC627A7DD76001A7129 /* Build configuration list for PBXNativeTarget "TwitterCloneTests" */;
			buildPhases = (
				46216EAB27A7DD76001A7129 /* Sources */,
				46216EAC27A7DD76001A7129 /* Frameworks */,
				46216EAD27A7DD76001A7129 /* Resources */,
			);
			buildRules = (
			);
			dependencies = (
				46216EB127A7DD76001A7129 /* PBXTargetDependency */,
			);
			name = TwitterCloneTests;
			productName = TwitterCloneTests;
			productReference = 46216EAF27A7DD76001A7129 /* TwitterCloneTests.xctest */;
			productType = "com.apple.product-type.bundle.unit-test";
		};
		46216EB827A7DD76001A7129 /* TwitterCloneUITests */ = {
			isa = PBXNativeTarget;
			buildConfigurationList = 46216EC927A7DD76001A7129 /* Build configuration list for PBXNativeTarget "TwitterCloneUITests" */;
			buildPhases = (
				46216EB527A7DD76001A7129 /* Sources */,
				46216EB627A7DD76001A7129 /* Frameworks */,
				46216EB727A7DD76001A7129 /* Resources */,
			);
			buildRules = (
			);
			dependencies = (
				46216EBB27A7DD76001A7129 /* PBXTargetDependency */,
			);
			name = TwitterCloneUITests;
			productName = TwitterCloneUITests;
			productReference = 46216EB927A7DD76001A7129 /* TwitterCloneUITests.xctest */;
			productType = "com.apple.product-type.bundle.ui-testing";
		};
/* End PBXNativeTarget section */

/* Begin PBXProject section */
		46216E9727A7DD75001A7129 /* Project object */ = {
			isa = PBXProject;
			attributes = {
				BuildIndependentTargetsInParallel = 1;
				LastSwiftUpdateCheck = 1310;
				LastUpgradeCheck = 1310;
				TargetAttributes = {
					46216E9E27A7DD75001A7129 = {
						CreatedOnToolsVersion = 13.1;
					};
					46216EAE27A7DD76001A7129 = {
						CreatedOnToolsVersion = 13.1;
						TestTargetID = 46216E9E27A7DD75001A7129;
					};
					46216EB827A7DD76001A7129 = {
						CreatedOnToolsVersion = 13.1;
						TestTargetID = 46216E9E27A7DD75001A7129;
					};
				};
			};
			buildConfigurationList = 46216E9A27A7DD75001A7129 /* Build configuration list for PBXProject "TwitterClone" */;
			compatibilityVersion = "Xcode 13.0";
			developmentRegion = en;
			hasScannedForEncodings = 0;
			knownRegions = (
				en,
				Base,
			);
			mainGroup = 46216E9627A7DD75001A7129;
			productRefGroup = 46216EA027A7DD75001A7129 /* Products */;
			projectDirPath = "";
			projectRoot = "";
			targets = (
				46216E9E27A7DD75001A7129 /* TwitterClone */,
				46216EAE27A7DD76001A7129 /* TwitterCloneTests */,
				46216EB827A7DD76001A7129 /* TwitterCloneUITests */,
			);
		};
/* End PBXProject section */

/* Begin PBXResourcesBuildPhase section */
		46216E9D27A7DD75001A7129 /* Resources */ = {
			isa = PBXResourcesBuildPhase;
			buildActionMask = 2147483647;
			files = (
				46216EAA27A7DD76001A7129 /* Preview Assets.xcassets in Resources */,
				46216EA727A7DD76001A7129 /* Assets.xcassets in Resources */,
			);
			runOnlyForDeploymentPostprocessing = 0;
		};
		46216EAD27A7DD76001A7129 /* Resources */ = {
			isa = PBXResourcesBuildPhase;
			buildActionMask = 2147483647;
			files = (
			);
			runOnlyForDeploymentPostprocessing = 0;
		};
		46216EB727A7DD76001A7129 /* Resources */ = {
			isa = PBXResourcesBuildPhase;
			buildActionMask = 2147483647;
			files = (
			);
			runOnlyForDeploymentPostprocessing = 0;
		};
/* End PBXResourcesBuildPhase section */

/* Begin PBXSourcesBuildPhase section */
		46216E9B27A7DD75001A7129 /* Sources */ = {
			isa = PBXSourcesBuildPhase;
			buildActionMask = 2147483647;
			files = (
				4607E5A027B384B100F99EA5 /* PKMessage.swift in Sources */,
				4607E58827B3839B00F99EA5 /* PKTweetCell.swift in Sources */,
				4607E59227B3845400F99EA5 /* PKChatBubbleShape.swift in Sources */,
				4607E5AA27B3B6E100F99EA5 /* PKFIlterButtonView.swift in Sources */,
				4607E5A827B3B6D000F99EA5 /* PKProfileActionButtonView.swift in Sources */,
				4607E58C27B383C200F99EA5 /* PKSearchBar.swift in Sources */,
				4607E5A427B3B52F00F99EA5 /* PKUserProfileView.swift in Sources */,
				46216EA527A7DD75001A7129 /* ContentView.swift in Sources */,
				46216EA327A7DD75001A7129 /* TwitterCloneApp.swift in Sources */,
				4607E58B27B383C200F99EA5 /* PKUserCell.swift in Sources */,
				46C3A89627AE557400A43D15 /* PKNewMessageView.swift in Sources */,
				4607E59427B3845400F99EA5 /* PKMessageInputView.swift in Sources */,
				465F04BA27AA4A36000F043F /* PKHomeView.swift in Sources */,
				4607E59527B3845400F99EA5 /* PKMessageListView.swift in Sources */,
				4607E5A627B3B6C200F99EA5 /* PKProfileHeaderView.swift in Sources */,
				465F04BC27AA52B8000F043F /* PKSearchView.swift in Sources */,
				4607E5A127B384B100F99EA5 /* PKFloatingButton.swift in Sources */,
				46C3A89427AE545200A43D15 /* PKMessageViewBubble.swift in Sources */,
				4607E59627B3845400F99EA5 /* PKMessageCell.swift in Sources */,
				4607E59327B3845400F99EA5 /* PKChatView.swift in Sources */,
			);
			runOnlyForDeploymentPostprocessing = 0;
		};
		46216EAB27A7DD76001A7129 /* Sources */ = {
			isa = PBXSourcesBuildPhase;
			buildActionMask = 2147483647;
			files = (
				46216EB427A7DD76001A7129 /* TwitterCloneTests.swift in Sources */,
			);
			runOnlyForDeploymentPostprocessing = 0;
		};
		46216EB527A7DD76001A7129 /* Sources */ = {
			isa = PBXSourcesBuildPhase;
			buildActionMask = 2147483647;
			files = (
				46216EC027A7DD76001A7129 /* TwitterCloneUITestsLaunchTests.swift in Sources */,
				46216EBE27A7DD76001A7129 /* TwitterCloneUITests.swift in Sources */,
			);
			runOnlyForDeploymentPostprocessing = 0;
		};
/* End PBXSourcesBuildPhase section */

/* Begin PBXTargetDependency section */
		46216EB127A7DD76001A7129 /* PBXTargetDependency */ = {
			isa = PBXTargetDependency;
			target = 46216E9E27A7DD75001A7129 /* TwitterClone */;
			targetProxy = 46216EB027A7DD76001A7129 /* PBXContainerItemProxy */;
		};
		46216EBB27A7DD76001A7129 /* PBXTargetDependency */ = {
			isa = PBXTargetDependency;
			target = 46216E9E27A7DD75001A7129 /* TwitterClone */;
			targetProxy = 46216EBA27A7DD76001A7129 /* PBXContainerItemProxy */;
		};
/* End PBXTargetDependency section */

/* Begin XCBuildConfiguration section */
		46216EC127A7DD76001A7129 /* Debug */ = {
			isa = XCBuildConfiguration;
			buildSettings = {
				ALWAYS_SEARCH_USER_PATHS = NO;
				CLANG_ANALYZER_NONNULL = YES;
				CLANG_ANALYZER_NUMBER_OBJECT_CONVERSION = YES_AGGRESSIVE;
				CLANG_CXX_LANGUAGE_STANDARD = "gnu++17";
				CLANG_CXX_LIBRARY = "libc++";
				CLANG_ENABLE_MODULES = YES;
				CLANG_ENABLE_OBJC_ARC = YES;
				CLANG_ENABLE_OBJC_WEAK = YES;
				CLANG_WARN_BLOCK_CAPTURE_AUTORELEASING = YES;
				CLANG_WARN_BOOL_CONVERSION = YES;
				CLANG_WARN_COMMA = YES;
				CLANG_WARN_CONSTANT_CONVERSION = YES;
				CLANG_WARN_DEPRECATED_OBJC_IMPLEMENTATIONS = YES;
				CLANG_WARN_DIRECT_OBJC_ISA_USAGE = YES_ERROR;
				CLANG_WARN_DOCUMENTATION_COMMENTS = YES;
				CLANG_WARN_EMPTY_BODY = YES;
				CLANG_WARN_ENUM_CONVERSION = YES;
				CLANG_WARN_INFINITE_RECURSION = YES;
				CLANG_WARN_INT_CONVERSION = YES;
				CLANG_WARN_NON_LITERAL_NULL_CONVERSION = YES;
				CLANG_WARN_OBJC_IMPLICIT_RETAIN_SELF = YES;
				CLANG_WARN_OBJC_LITERAL_CONVERSION = YES;
				CLANG_WARN_OBJC_ROOT_CLASS = YES_ERROR;
				CLANG_WARN_QUOTED_INCLUDE_IN_FRAMEWORK_HEADER = YES;
				CLANG_WARN_RANGE_LOOP_ANALYSIS = YES;
				CLANG_WARN_STRICT_PROTOTYPES = YES;
				CLANG_WARN_SUSPICIOUS_MOVE = YES;
				CLANG_WARN_UNGUARDED_AVAILABILITY = YES_AGGRESSIVE;
				CLANG_WARN_UNREACHABLE_CODE = YES;
				CLANG_WARN__DUPLICATE_METHOD_MATCH = YES;
				COPY_PHASE_STRIP = NO;
				DEBUG_INFORMATION_FORMAT = dwarf;
				ENABLE_STRICT_OBJC_MSGSEND = YES;
				ENABLE_TESTABILITY = YES;
				GCC_C_LANGUAGE_STANDARD = gnu11;
				GCC_DYNAMIC_NO_PIC = NO;
				GCC_NO_COMMON_BLOCKS = YES;
				GCC_OPTIMIZATION_LEVEL = 0;
				GCC_PREPROCESSOR_DEFINITIONS = (
					"DEBUG=1",
					"$(inherited)",
				);
				GCC_WARN_64_TO_32_BIT_CONVERSION = YES;
				GCC_WARN_ABOUT_RETURN_TYPE = YES_ERROR;
				GCC_WARN_UNDECLARED_SELECTOR = YES;
				GCC_WARN_UNINITIALIZED_AUTOS = YES_AGGRESSIVE;
				GCC_WARN_UNUSED_FUNCTION = YES;
				GCC_WARN_UNUSED_VARIABLE = YES;
				IPHONEOS_DEPLOYMENT_TARGET = 15.0;
				MTL_ENABLE_DEBUG_INFO = INCLUDE_SOURCE;
				MTL_FAST_MATH = YES;
				ONLY_ACTIVE_ARCH = YES;
				SDKROOT = iphoneos;
				SWIFT_ACTIVE_COMPILATION_CONDITIONS = DEBUG;
				SWIFT_OPTIMIZATION_LEVEL = "-Onone";
			};
			name = Debug;
		};
		46216EC227A7DD76001A7129 /* Release */ = {
			isa = XCBuildConfiguration;
			buildSettings = {
				ALWAYS_SEARCH_USER_PATHS = NO;
				CLANG_ANALYZER_NONNULL = YES;
				CLANG_ANALYZER_NUMBER_OBJECT_CONVERSION = YES_AGGRESSIVE;
				CLANG_CXX_LANGUAGE_STANDARD = "gnu++17";
				CLANG_CXX_LIBRARY = "libc++";
				CLANG_ENABLE_MODULES = YES;
				CLANG_ENABLE_OBJC_ARC = YES;
				CLANG_ENABLE_OBJC_WEAK = YES;
				CLANG_WARN_BLOCK_CAPTURE_AUTORELEASING = YES;
				CLANG_WARN_BOOL_CONVERSION = YES;
				CLANG_WARN_COMMA = YES;
				CLANG_WARN_CONSTANT_CONVERSION = YES;
				CLANG_WARN_DEPRECATED_OBJC_IMPLEMENTATIONS = YES;
				CLANG_WARN_DIRECT_OBJC_ISA_USAGE = YES_ERROR;
				CLANG_WARN_DOCUMENTATION_COMMENTS = YES;
				CLANG_WARN_EMPTY_BODY = YES;
				CLANG_WARN_ENUM_CONVERSION = YES;
				CLANG_WARN_INFINITE_RECURSION = YES;
				CLANG_WARN_INT_CONVERSION = YES;
				CLANG_WARN_NON_LITERAL_NULL_CONVERSION = YES;
				CLANG_WARN_OBJC_IMPLICIT_RETAIN_SELF = YES;
				CLANG_WARN_OBJC_LITERAL_CONVERSION = YES;
				CLANG_WARN_OBJC_ROOT_CLASS = YES_ERROR;
				CLANG_WARN_QUOTED_INCLUDE_IN_FRAMEWORK_HEADER = YES;
				CLANG_WARN_RANGE_LOOP_ANALYSIS = YES;
				CLANG_WARN_STRICT_PROTOTYPES = YES;
				CLANG_WARN_SUSPICIOUS_MOVE = YES;
				CLANG_WARN_UNGUARDED_AVAILABILITY = YES_AGGRESSIVE;
				CLANG_WARN_UNREACHABLE_CODE = YES;
				CLANG_WARN__DUPLICATE_METHOD_MATCH = YES;
				COPY_PHASE_STRIP = NO;
				DEBUG_INFORMATION_FORMAT = "dwarf-with-dsym";
				ENABLE_NS_ASSERTIONS = NO;
				ENABLE_STRICT_OBJC_MSGSEND = YES;
				GCC_C_LANGUAGE_STANDARD = gnu11;
				GCC_NO_COMMON_BLOCKS = YES;
				GCC_WARN_64_TO_32_BIT_CONVERSION = YES;
				GCC_WARN_ABOUT_RETURN_TYPE = YES_ERROR;
				GCC_WARN_UNDECLARED_SELECTOR = YES;
				GCC_WARN_UNINITIALIZED_AUTOS = YES_AGGRESSIVE;
				GCC_WARN_UNUSED_FUNCTION = YES;
				GCC_WARN_UNUSED_VARIABLE = YES;
				IPHONEOS_DEPLOYMENT_TARGET = 15.0;
				MTL_ENABLE_DEBUG_INFO = NO;
				MTL_FAST_MATH = YES;
				SDKROOT = iphoneos;
				SWIFT_COMPILATION_MODE = wholemodule;
				SWIFT_OPTIMIZATION_LEVEL = "-O";
				VALIDATE_PRODUCT = YES;
			};
			name = Release;
		};
		46216EC427A7DD76001A7129 /* Debug */ = {
			isa = XCBuildConfiguration;
			buildSettings = {
				ASSETCATALOG_COMPILER_APPICON_NAME = AppIcon;
				ASSETCATALOG_COMPILER_GLOBAL_ACCENT_COLOR_NAME = AccentColor;
				CODE_SIGN_STYLE = Automatic;
				CURRENT_PROJECT_VERSION = 1;
				DEVELOPMENT_ASSET_PATHS = "\"TwitterClone/Preview Content\"";
				DEVELOPMENT_TEAM = Z87722F955;
				ENABLE_PREVIEWS = YES;
				GENERATE_INFOPLIST_FILE = YES;
				INFOPLIST_KEY_UIApplicationSceneManifest_Generation = YES;
				INFOPLIST_KEY_UIApplicationSupportsIndirectInputEvents = YES;
				INFOPLIST_KEY_UILaunchScreen_Generation = YES;
				INFOPLIST_KEY_UISupportedInterfaceOrientations = "";
				INFOPLIST_KEY_UISupportedInterfaceOrientations_iPad = "UIInterfaceOrientationPortrait UIInterfaceOrientationPortraitUpsideDown UIInterfaceOrientationLandscapeLeft UIInterfaceOrientationLandscapeRight";
				INFOPLIST_KEY_UISupportedInterfaceOrientations_iPhone = "UIInterfaceOrientationPortrait UIInterfaceOrientationLandscapeLeft UIInterfaceOrientationLandscapeRight";
				LD_RUNPATH_SEARCH_PATHS = (
					"$(inherited)",
					"@executable_path/Frameworks",
				);
				MARKETING_VERSION = 1.0;
				PRODUCT_BUNDLE_IDENTIFIER = com.pankaj.TwitterClone;
				PRODUCT_NAME = "$(TARGET_NAME)";
				SWIFT_EMIT_LOC_STRINGS = YES;
				SWIFT_VERSION = 5.0;
				TARGETED_DEVICE_FAMILY = "1,2";
			};
			name = Debug;
		};
		46216EC527A7DD76001A7129 /* Release */ = {
			isa = XCBuildConfiguration;
			buildSettings = {
				ASSETCATALOG_COMPILER_APPICON_NAME = AppIcon;
				ASSETCATALOG_COMPILER_GLOBAL_ACCENT_COLOR_NAME = AccentColor;
				CODE_SIGN_STYLE = Automatic;
				CURRENT_PROJECT_VERSION = 1;
				DEVELOPMENT_ASSET_PATHS = "\"TwitterClone/Preview Content\"";
				DEVELOPMENT_TEAM = Z87722F955;
				ENABLE_PREVIEWS = YES;
				GENERATE_INFOPLIST_FILE = YES;
				INFOPLIST_KEY_UIApplicationSceneManifest_Generation = YES;
				INFOPLIST_KEY_UIApplicationSupportsIndirectInputEvents = YES;
				INFOPLIST_KEY_UILaunchScreen_Generation = YES;
				INFOPLIST_KEY_UISupportedInterfaceOrientations = "";
				INFOPLIST_KEY_UISupportedInterfaceOrientations_iPad = "UIInterfaceOrientationPortrait UIInterfaceOrientationPortraitUpsideDown UIInterfaceOrientationLandscapeLeft UIInterfaceOrientationLandscapeRight";
				INFOPLIST_KEY_UISupportedInterfaceOrientations_iPhone = "UIInterfaceOrientationPortrait UIInterfaceOrientationLandscapeLeft UIInterfaceOrientationLandscapeRight";
				LD_RUNPATH_SEARCH_PATHS = (
					"$(inherited)",
					"@executable_path/Frameworks",
				);
				MARKETING_VERSION = 1.0;
				PRODUCT_BUNDLE_IDENTIFIER = com.pankaj.TwitterClone;
				PRODUCT_NAME = "$(TARGET_NAME)";
				SWIFT_EMIT_LOC_STRINGS = YES;
				SWIFT_VERSION = 5.0;
				TARGETED_DEVICE_FAMILY = "1,2";
			};
			name = Release;
		};
		46216EC727A7DD76001A7129 /* Debug */ = {
			isa = XCBuildConfiguration;
			buildSettings = {
				ALWAYS_EMBED_SWIFT_STANDARD_LIBRARIES = YES;
				BUNDLE_LOADER = "$(TEST_HOST)";
				CODE_SIGN_STYLE = Automatic;
				CURRENT_PROJECT_VERSION = 1;
				DEVELOPMENT_TEAM = Z87722F955;
				GENERATE_INFOPLIST_FILE = YES;
				IPHONEOS_DEPLOYMENT_TARGET = 15.0;
				LD_RUNPATH_SEARCH_PATHS = (
					"$(inherited)",
					"@executable_path/Frameworks",
					"@loader_path/Frameworks",
				);
				MARKETING_VERSION = 1.0;
				PRODUCT_BUNDLE_IDENTIFIER = com.pankaj.TwitterCloneTests;
				PRODUCT_NAME = "$(TARGET_NAME)";
				SWIFT_EMIT_LOC_STRINGS = NO;
				SWIFT_VERSION = 5.0;
				TARGETED_DEVICE_FAMILY = "1,2";
				TEST_HOST = "$(BUILT_PRODUCTS_DIR)/TwitterClone.app/TwitterClone";
			};
			name = Debug;
		};
		46216EC827A7DD76001A7129 /* Release */ = {
			isa = XCBuildConfiguration;
			buildSettings = {
				ALWAYS_EMBED_SWIFT_STANDARD_LIBRARIES = YES;
				BUNDLE_LOADER = "$(TEST_HOST)";
				CODE_SIGN_STYLE = Automatic;
				CURRENT_PROJECT_VERSION = 1;
				DEVELOPMENT_TEAM = Z87722F955;
				GENERATE_INFOPLIST_FILE = YES;
				IPHONEOS_DEPLOYMENT_TARGET = 15.0;
				LD_RUNPATH_SEARCH_PATHS = (
					"$(inherited)",
					"@executable_path/Frameworks",
					"@loader_path/Frameworks",
				);
				MARKETING_VERSION = 1.0;
				PRODUCT_BUNDLE_IDENTIFIER = com.pankaj.TwitterCloneTests;
				PRODUCT_NAME = "$(TARGET_NAME)";
				SWIFT_EMIT_LOC_STRINGS = NO;
				SWIFT_VERSION = 5.0;
				TARGETED_DEVICE_FAMILY = "1,2";
				TEST_HOST = "$(BUILT_PRODUCTS_DIR)/TwitterClone.app/TwitterClone";
			};
			name = Release;
		};
		46216ECA27A7DD76001A7129 /* Debug */ = {
			isa = XCBuildConfiguration;
			buildSettings = {
				ALWAYS_EMBED_SWIFT_STANDARD_LIBRARIES = YES;
				CODE_SIGN_STYLE = Automatic;
				CURRENT_PROJECT_VERSION = 1;
				DEVELOPMENT_TEAM = Z87722F955;
				GENERATE_INFOPLIST_FILE = YES;
				LD_RUNPATH_SEARCH_PATHS = (
					"$(inherited)",
					"@executable_path/Frameworks",
					"@loader_path/Frameworks",
				);
				MARKETING_VERSION = 1.0;
				PRODUCT_BUNDLE_IDENTIFIER = com.pankaj.TwitterCloneUITests;
				PRODUCT_NAME = "$(TARGET_NAME)";
				SWIFT_EMIT_LOC_STRINGS = NO;
				SWIFT_VERSION = 5.0;
				TARGETED_DEVICE_FAMILY = "1,2";
				TEST_TARGET_NAME = TwitterClone;
			};
			name = Debug;
		};
		46216ECB27A7DD76001A7129 /* Release */ = {
			isa = XCBuildConfiguration;
			buildSettings = {
				ALWAYS_EMBED_SWIFT_STANDARD_LIBRARIES = YES;
				CODE_SIGN_STYLE = Automatic;
				CURRENT_PROJECT_VERSION = 1;
				DEVELOPMENT_TEAM = Z87722F955;
				GENERATE_INFOPLIST_FILE = YES;
				LD_RUNPATH_SEARCH_PATHS = (
					"$(inherited)",
					"@executable_path/Frameworks",
					"@loader_path/Frameworks",
				);
				MARKETING_VERSION = 1.0;
				PRODUCT_BUNDLE_IDENTIFIER = com.pankaj.TwitterCloneUITests;
				PRODUCT_NAME = "$(TARGET_NAME)";
				SWIFT_EMIT_LOC_STRINGS = NO;
				SWIFT_VERSION = 5.0;
				TARGETED_DEVICE_FAMILY = "1,2";
				TEST_TARGET_NAME = TwitterClone;
			};
			name = Release;
		};
/* End XCBuildConfiguration section */

/* Begin XCConfigurationList section */
		46216E9A27A7DD75001A7129 /* Build configuration list for PBXProject "TwitterClone" */ = {
			isa = XCConfigurationList;
			buildConfigurations = (
				46216EC127A7DD76001A7129 /* Debug */,
				46216EC227A7DD76001A7129 /* Release */,
			);
			defaultConfigurationIsVisible = 0;
			defaultConfigurationName = Release;
		};
		46216EC327A7DD76001A7129 /* Build configuration list for PBXNativeTarget "TwitterClone" */ = {
			isa = XCConfigurationList;
			buildConfigurations = (
				46216EC427A7DD76001A7129 /* Debug */,
				46216EC527A7DD76001A7129 /* Release */,
			);
			defaultConfigurationIsVisible = 0;
			defaultConfigurationName = Release;
		};
		46216EC627A7DD76001A7129 /* Build configuration list for PBXNativeTarget "TwitterCloneTests" */ = {
			isa = XCConfigurationList;
			buildConfigurations = (
				46216EC727A7DD76001A7129 /* Debug */,
				46216EC827A7DD76001A7129 /* Release */,
			);
			defaultConfigurationIsVisible = 0;
			defaultConfigurationName = Release;
		};
		46216EC927A7DD76001A7129 /* Build configuration list for PBXNativeTarget "TwitterCloneUITests" */ = {
			isa = XCConfigurationList;
			buildConfigurations = (
				46216ECA27A7DD76001A7129 /* Debug */,
				46216ECB27A7DD76001A7129 /* Release */,
			);
			defaultConfigurationIsVisible = 0;
			defaultConfigurationName = Release;
		};
/* End XCConfigurationList section */
	};
	rootObject = 46216E9727A7DD75001A7129 /* Project object */;
}
